
Microsoft Visual Studio Solution File, Format Version 12.00
# Visual Studio Version 16
VisualStudioVersion = 16.0.29306.81
MinimumVisualStudioVersion = 10.0.40219.1
Project("{8BC9CEB8-8B4A-11D0-8D11-00A0C91BC942}") = "Labb-6-C++", "Labb-6-C++\Labb-6-C++.vcxproj", "{E88D0DA5-5F12-4338-AE30-4C1D436E3F82}"
EndProject
Global
	GlobalSection(SolutionConfigurationPlatforms) = preSolution
		Debug|x64 = Debug|x64
		Debug|x86 = Debug|x86
		Release|x64 = Release|x64
		Release|x86 = Release|x86
	EndGlobalSection
	GlobalSection(ProjectConfigurationPlatforms) = postSolution
		{E88D0DA5-5F12-4338-AE30-4C1D436E3F82}.Debug|x64.ActiveCfg = Debug|x64
		{E88D0DA5-5F12-4338-AE30-4C1D436E3F82}.Debug|x64.Build.0 = Debug|x64
		{E88D0DA5-5F12-4338-AE30-4C1D436E3F82}.Debug|x86.ActiveCfg = Debug|Win32
		{E88D0DA5-5F12-4338-AE30-4C1D436E3F82}.Debug|x86.Build.0 = Debug|Win32
		{E88D0DA5-5F12-4338-AE30-4C1D436E3F82}.Release|x64.ActiveCfg = Release|x64
		{E88D0DA5-5F12-4338-AE30-4C1D436E3F82}.Release|x64.Build.0 = Release|x64
		{E88D0DA5-5F12-4338-AE30-4C1D436E3F82}.Release|x86.ActiveCfg = Release|Win32
		{E88D0DA5-5F12-4338-AE30-4C1D436E3F82}.Release|x86.Build.0 = Release|Win32
	EndGlobalSection
	GlobalSection(SolutionProperties) = preSolution
		HideSolutionNode = FALSE
	EndGlobalSection
	GlobalSection(ExtensibilityGlobals) = postSolution
		SolutionGuid = {50B1409D-8C23-44EC-B65C-9864D0164179}
	EndGlobalSection
EndGlobal
